// !$*UTF8*$!
{
	archiveVersion = 1;
	classes = {
	};
	objectVersion = 50;
	objects = {

/* Begin PBXBuildFile section */
		753A7D1C22940EF400F06DBA /* AppDelegate.swift in Sources */ = {isa = PBXBuildFile; fileRef = 753A7D1B22940EF400F06DBA /* AppDelegate.swift */; };
		753A7D1E22940EF400F06DBA /* ViewController.swift in Sources */ = {isa = PBXBuildFile; fileRef = 753A7D1D22940EF400F06DBA /* ViewController.swift */; };
		753A7D2122940EF400F06DBA /* Main.storyboard in Resources */ = {isa = PBXBuildFile; fileRef = 753A7D1F22940EF400F06DBA /* Main.storyboard */; };
		753A7D2322940EF500F06DBA /* Assets.xcassets in Resources */ = {isa = PBXBuildFile; fileRef = 753A7D2222940EF500F06DBA /* Assets.xcassets */; };
		753A7D2622940EF500F06DBA /* LaunchScreen.storyboard in Resources */ = {isa = PBXBuildFile; fileRef = 753A7D2422940EF500F06DBA /* LaunchScreen.storyboard */; };
		753A7D2E2294120800F06DBA /* MapAlertViewController.swift in Sources */ = {isa = PBXBuildFile; fileRef = 753A7D2D2294120800F06DBA /* MapAlertViewController.swift */; };
		753A7D30229414CF00F06DBA /* MapkitViewController.swift in Sources */ = {isa = PBXBuildFile; fileRef = 753A7D2F229414CF00F06DBA /* MapkitViewController.swift */; };
		753A7D342294155000F06DBA /* note.png in Resources */ = {isa = PBXBuildFile; fileRef = 753A7D322294155000F06DBA /* note.png */; };
		753A7D352294155000F06DBA /* rating5@2x.png in Resources */ = {isa = PBXBuildFile; fileRef = 753A7D332294155000F06DBA /* rating5@2x.png */; };
		753A7D372294156F00F06DBA /* ImageViewController.swift in Sources */ = {isa = PBXBuildFile; fileRef = 753A7D362294156F00F06DBA /* ImageViewController.swift */; };
		753A7D39229417C000F06DBA /* ControlViewController.swift in Sources */ = {isa = PBXBuildFile; fileRef = 753A7D38229417C000F06DBA /* ControlViewController.swift */; };
		753A7D3D22941D6600F06DBA /* ListViewController.swift in Sources */ = {isa = PBXBuildFile; fileRef = 753A7D3C22941D6600F06DBA /* ListViewController.swift */; };
/* End PBXBuildFile section */

/* Begin PBXFileReference section */
		753A7D1822940EF400F06DBA /* Chapter03-Alert.app */ = {isa = PBXFileReference; explicitFileType = wrapper.application; includeInIndex = 0; path = "Chapter03-Alert.app"; sourceTree = BUILT_PRODUCTS_DIR; };
		753A7D1B22940EF400F06DBA /* AppDelegate.swift */ = {isa = PBXFileReference; lastKnownFileType = sourcecode.swift; path = AppDelegate.swift; sourceTree = "<group>"; };
		753A7D1D22940EF400F06DBA /* ViewController.swift */ = {isa = PBXFileReference; lastKnownFileType = sourcecode.swift; path = ViewController.swift; sourceTree = "<group>"; };
		753A7D2022940EF400F06DBA /* Base */ = {isa = PBXFileReference; lastKnownFileType = file.storyboard; name = Base; path = Base.lproj/Main.storyboard; sourceTree = "<group>"; };
		753A7D2222940EF500F06DBA /* Assets.xcassets */ = {isa = PBXFileReference; lastKnownFileType = folder.assetcatalog; path = Assets.xcassets; sourceTree = "<group>"; };
		753A7D2522940EF500F06DBA /* Base */ = {isa = PBXFileReference; lastKnownFileType = file.storyboard; name = Base; path = Base.lproj/LaunchScreen.storyboard; sourceTree = "<group>"; };
		753A7D2722940EF500F06DBA /* Info.plist */ = {isa = PBXFileReference; lastKnownFileType = text.plist.xml; path = Info.plist; sourceTree = "<group>"; };
		753A7D2D2294120800F06DBA /* MapAlertViewController.swift */ = {isa = PBXFileReference; lastKnownFileType = sourcecode.swift; path = MapAlertViewController.swift; sourceTree = "<group>"; };
		753A7D2F229414CF00F06DBA /* MapkitViewController.swift */ = {isa = PBXFileReference; lastKnownFileType = sourcecode.swift; path = MapkitViewController.swift; sourceTree = "<group>"; };
		753A7D322294155000F06DBA /* note.png */ = {isa = PBXFileReference; lastKnownFileType = image.png; path = note.png; sourceTree = "<group>"; };
		753A7D332294155000F06DBA /* rating5@2x.png */ = {isa = PBXFileReference; lastKnownFileType = image.png; path = "rating5@2x.png"; sourceTree = "<group>"; };
		753A7D362294156F00F06DBA /* ImageViewController.swift */ = {isa = PBXFileReference; lastKnownFileType = sourcecode.swift; name = ImageViewController.swift; path = "Chapter03-Alert/ImageViewController.swift"; sourceTree = SOURCE_ROOT; };
		753A7D38229417C000F06DBA /* ControlViewController.swift */ = {isa = PBXFileReference; lastKnownFileType = sourcecode.swift; name = ControlViewController.swift; path = "Chapter03-Alert/ControlViewController.swift"; sourceTree = SOURCE_ROOT; };
		753A7D3C22941D6600F06DBA /* ListViewController.swift */ = {isa = PBXFileReference; lastKnownFileType = sourcecode.swift; path = ListViewController.swift; sourceTree = "<group>"; };
/* End PBXFileReference section */

/* Begin PBXFrameworksBuildPhase section */
		753A7D1522940EF400F06DBA /* Frameworks */ = {
			isa = PBXFrameworksBuildPhase;
			buildActionMask = 2147483647;
			files = (
			);
			runOnlyForDeploymentPostprocessing = 0;
		};
/* End PBXFrameworksBuildPhase section */

/* Begin PBXGroup section */
		753A7D0F22940EF400F06DBA = {
			isa = PBXGroup;
			children = (
				753A7D312294153E00F06DBA /* Resources */,
				753A7D1A22940EF400F06DBA /* Chapter03-Alert */,
				753A7D1922940EF400F06DBA /* Products */,
			);
			sourceTree = "<group>";
		};
		753A7D1922940EF400F06DBA /* Products */ = {
			isa = PBXGroup;
			children = (
				753A7D1822940EF400F06DBA /* Chapter03-Alert.app */,
			);
			name = Products;
			sourceTree = "<group>";
		};
		753A7D1A22940EF400F06DBA /* Chapter03-Alert */ = {
			isa = PBXGroup;
			children = (
				753A7D3C22941D6600F06DBA /* ListViewController.swift */,
				753A7D1B22940EF400F06DBA /* AppDelegate.swift */,
				753A7D38229417C000F06DBA /* ControlViewController.swift */,
				753A7D362294156F00F06DBA /* ImageViewController.swift */,
				753A7D1D22940EF400F06DBA /* ViewController.swift */,
				753A7D2D2294120800F06DBA /* MapAlertViewController.swift */,
				753A7D2F229414CF00F06DBA /* MapkitViewController.swift */,
				753A7D1F22940EF400F06DBA /* Main.storyboard */,
				753A7D2222940EF500F06DBA /* Assets.xcassets */,
				753A7D2422940EF500F06DBA /* LaunchScreen.storyboard */,
				753A7D2722940EF500F06DBA /* Info.plist */,
			);
			path = "Chapter03-Alert";
			sourceTree = "<group>";
		};
		753A7D312294153E00F06DBA /* Resources */ = {
			isa = PBXGroup;
			children = (
				753A7D322294155000F06DBA /* note.png */,
				753A7D332294155000F06DBA /* rating5@2x.png */,
			);
			path = Resources;
			sourceTree = "<group>";
		};
/* End PBXGroup section */

/* Begin PBXNativeTarget section */
		753A7D1722940EF400F06DBA /* Chapter03-Alert */ = {
			isa = PBXNativeTarget;
			buildConfigurationList = 753A7D2A22940EF500F06DBA /* Build configuration list for PBXNativeTarget "Chapter03-Alert" */;
			buildPhases = (
				753A7D1422940EF400F06DBA /* Sources */,
				753A7D1522940EF400F06DBA /* Frameworks */,
				753A7D1622940EF400F06DBA /* Resources */,
			);
			buildRules = (
			);
			dependencies = (
			);
			name = "Chapter03-Alert";
			productName = "Chapter03-Alert";
			productReference = 753A7D1822940EF400F06DBA /* Chapter03-Alert.app */;
			productType = "com.apple.product-type.application";
		};
/* End PBXNativeTarget section */

/* Begin PBXProject section */
		753A7D1022940EF400F06DBA /* Project object */ = {
			isa = PBXProject;
			attributes = {
				LastSwiftUpdateCheck = 1020;
				LastUpgradeCheck = 1020;
				ORGANIZATIONNAME = "조수형";
				TargetAttributes = {
					753A7D1722940EF400F06DBA = {
						CreatedOnToolsVersion = 10.2;
					};
				};
			};
			buildConfigurationList = 753A7D1322940EF400F06DBA /* Build configuration list for PBXProject "Chapter03-Alert" */;
			compatibilityVersion = "Xcode 9.3";
			developmentRegion = en;
			hasScannedForEncodings = 0;
			knownRegions = (
				en,
				Base,
			);
			mainGroup = 753A7D0F22940EF400F06DBA;
			productRefGroup = 753A7D1922940EF400F06DBA /* Products */;
			projectDirPath = "";
			projectRoot = "";
			targets = (
				753A7D1722940EF400F06DBA /* Chapter03-Alert */,
			);
		};
/* End PBXProject section */

/* Begin PBXResourcesBuildPhase section */
		753A7D1622940EF400F06DBA /* Resources */ = {
			isa = PBXResourcesBuildPhase;
			buildActionMask = 2147483647;
			files = (
				753A7D352294155000F06DBA /* rating5@2x.png in Resources */,
				753A7D2622940EF500F06DBA /* LaunchScreen.storyboard in Resources */,
				753A7D342294155000F06DBA /* note.png in Resources */,
				753A7D2322940EF500F06DBA /* Assets.xcassets in Resources */,
				753A7D2122940EF400F06DBA /* Main.storyboard in Resources */,
			);
			runOnlyForDeploymentPostprocessing = 0;
		};
/* End PBXResourcesBuildPhase section */

/* Begin PBXSourcesBuildPhase section */
		753A7D1422940EF400F06DBA /* Sources */ = {
			isa = PBXSourcesBuildPhase;
			buildActionMask = 2147483647;
			files = (
				753A7D1E22940EF400F06DBA /* ViewController.swift in Sources */,
				753A7D1C22940EF400F06DBA /* AppDelegate.swift in Sources */,
				753A7D372294156F00F06DBA /* ImageViewController.swift in Sources */,
				753A7D30229414CF00F06DBA /* MapkitViewController.swift in Sources */,
				753A7D39229417C000F06DBA /* ControlViewController.swift in Sources */,
				753A7D2E2294120800F06DBA /* MapAlertViewController.swift in Sources */,
				753A7D3D22941D6600F06DBA /* ListViewController.swift in Sources */,
			);
			runOnlyForDeploymentPostprocessing = 0;
		};
/* End PBXSourcesBuildPhase section */

/* Begin PBXVariantGroup section */
		753A7D1F22940EF400F06DBA /* Main.storyboard */ = {
			isa = PBXVariantGroup;
			children = (
				753A7D2022940EF400F06DBA /* Base */,
			);
			name = Main.storyboard;
			sourceTree = "<group>";
		};
		753A7D2422940EF500F06DBA /* LaunchScreen.storyboard */ = {
			isa = PBXVariantGroup;
			children = (
				753A7D2522940EF500F06DBA /* Base */,
			);
			name = LaunchScreen.storyboard;
			sourceTree = "<group>";
		};
/* End PBXVariantGroup section */

/* Begin XCBuildConfiguration section */
		753A7D2822940EF500F06DBA /* Debug */ = {
			isa = XCBuildConfiguration;
			buildSettings = {
				ALWAYS_SEARCH_USER_PATHS = NO;
				CLANG_ANALYZER_NONNULL = YES;
				CLANG_ANALYZER_NUMBER_OBJECT_CONVERSION = YES_AGGRESSIVE;
				CLANG_CXX_LANGUAGE_STANDARD = "gnu++14";
				CLANG_CXX_LIBRARY = "libc++";
				CLANG_ENABLE_MODULES = YES;
				CLANG_ENABLE_OBJC_ARC = YES;
				CLANG_ENABLE_OBJC_WEAK = YES;
				CLANG_WARN_BLOCK_CAPTURE_AUTORELEASING = YES;
				CLANG_WARN_BOOL_CONVERSION = YES;
				CLANG_WARN_COMMA = YES;
				CLANG_WARN_CONSTANT_CONVERSION = YES;
				CLANG_WARN_DEPRECATED_OBJC_IMPLEMENTATIONS = YES;
				CLANG_WARN_DIRECT_OBJC_ISA_USAGE = YES_ERROR;
				CLANG_WARN_DOCUMENTATION_COMMENTS = YES;
				CLANG_WARN_EMPTY_BODY = YES;
				CLANG_WARN_ENUM_CONVERSION = YES;
				CLANG_WARN_INFINITE_RECURSION = YES;
				CLANG_WARN_INT_CONVERSION = YES;
				CLANG_WARN_NON_LITERAL_NULL_CONVERSION = YES;
				CLANG_WARN_OBJC_IMPLICIT_RETAIN_SELF = YES;
				CLANG_WARN_OBJC_LITERAL_CONVERSION = YES;
				CLANG_WARN_OBJC_ROOT_CLASS = YES_ERROR;
				CLANG_WARN_RANGE_LOOP_ANALYSIS = YES;
				CLANG_WARN_STRICT_PROTOTYPES = YES;
				CLANG_WARN_SUSPICIOUS_MOVE = YES;
				CLANG_WARN_UNGUARDED_AVAILABILITY = YES_AGGRESSIVE;
				CLANG_WARN_UNREACHABLE_CODE = YES;
				CLANG_WARN__DUPLICATE_METHOD_MATCH = YES;
				CODE_SIGN_IDENTITY = "iPhone Developer";
				COPY_PHASE_STRIP = NO;
				DEBUG_INFORMATION_FORMAT = dwarf;
				ENABLE_STRICT_OBJC_MSGSEND = YES;
				ENABLE_TESTABILITY = YES;
				GCC_C_LANGUAGE_STANDARD = gnu11;
				GCC_DYNAMIC_NO_PIC = NO;
				GCC_NO_COMMON_BLOCKS = YES;
				GCC_OPTIMIZATION_LEVEL = 0;
				GCC_PREPROCESSOR_DEFINITIONS = (
					"DEBUG=1",
					"$(inherited)",
				);
				GCC_WARN_64_TO_32_BIT_CONVERSION = YES;
				GCC_WARN_ABOUT_RETURN_TYPE = YES_ERROR;
				GCC_WARN_UNDECLARED_SELECTOR = YES;
				GCC_WARN_UNINITIALIZED_AUTOS = YES_AGGRESSIVE;
				GCC_WARN_UNUSED_FUNCTION = YES;
				GCC_WARN_UNUSED_VARIABLE = YES;
				IPHONEOS_DEPLOYMENT_TARGET = 12.2;
				MTL_ENABLE_DEBUG_INFO = INCLUDE_SOURCE;
				MTL_FAST_MATH = YES;
				ONLY_ACTIVE_ARCH = YES;
				SDKROOT = iphoneos;
				SWIFT_ACTIVE_COMPILATION_CONDITIONS = DEBUG;
				SWIFT_OPTIMIZATION_LEVEL = "-Onone";
			};
			name = Debug;
		};
		753A7D2922940EF500F06DBA /* Release */ = {
			isa = XCBuildConfiguration;
			buildSettings = {
				ALWAYS_SEARCH_USER_PATHS = NO;
				CLANG_ANALYZER_NONNULL = YES;
				CLANG_ANALYZER_NUMBER_OBJECT_CONVERSION = YES_AGGRESSIVE;
				CLANG_CXX_LANGUAGE_STANDARD = "gnu++14";
				CLANG_CXX_LIBRARY = "libc++";
				CLANG_ENABLE_MODULES = YES;
				CLANG_ENABLE_OBJC_ARC = YES;
				CLANG_ENABLE_OBJC_WEAK = YES;
				CLANG_WARN_BLOCK_CAPTURE_AUTORELEASING = YES;
				CLANG_WARN_BOOL_CONVERSION = YES;
				CLANG_WARN_COMMA = YES;
				CLANG_WARN_CONSTANT_CONVERSION = YES;
				CLANG_WARN_DEPRECATED_OBJC_IMPLEMENTATIONS = YES;
				CLANG_WARN_DIRECT_OBJC_ISA_USAGE = YES_ERROR;
				CLANG_WARN_DOCUMENTATION_COMMENTS = YES;
				CLANG_WARN_EMPTY_BODY = YES;
				CLANG_WARN_ENUM_CONVERSION = YES;
				CLANG_WARN_INFINITE_RECURSION = YES;
				CLANG_WARN_INT_CONVERSION = YES;
				CLANG_WARN_NON_LITERAL_NULL_CONVERSION = YES;
				CLANG_WARN_OBJC_IMPLICIT_RETAIN_SELF = YES;
				CLANG_WARN_OBJC_LITERAL_CONVERSION = YES;
				CLANG_WARN_OBJC_ROOT_CLASS = YES_ERROR;
				CLANG_WARN_RANGE_LOOP_ANALYSIS = YES;
				CLANG_WARN_STRICT_PROTOTYPES = YES;
				CLANG_WARN_SUSPICIOUS_MOVE = YES;
				CLANG_WARN_UNGUARDED_AVAILABILITY = YES_AGGRESSIVE;
				CLANG_WARN_UNREACHABLE_CODE = YES;
				CLANG_WARN__DUPLICATE_METHOD_MATCH = YES;
				CODE_SIGN_IDENTITY = "iPhone Developer";
				COPY_PHASE_STRIP = NO;
				DEBUG_INFORMATION_FORMAT = "dwarf-with-dsym";
				ENABLE_NS_ASSERTIONS = NO;
				ENABLE_STRICT_OBJC_MSGSEND = YES;
				GCC_C_LANGUAGE_STANDARD = gnu11;
				GCC_NO_COMMON_BLOCKS = YES;
				GCC_WARN_64_TO_32_BIT_CONVERSION = YES;
				GCC_WARN_ABOUT_RETURN_TYPE = YES_ERROR;
				GCC_WARN_UNDECLARED_SELECTOR = YES;
				GCC_WARN_UNINITIALIZED_AUTOS = YES_AGGRESSIVE;
				GCC_WARN_UNUSED_FUNCTION = YES;
				GCC_WARN_UNUSED_VARIABLE = YES;
				IPHONEOS_DEPLOYMENT_TARGET = 12.2;
				MTL_ENABLE_DEBUG_INFO = NO;
				MTL_FAST_MATH = YES;
				SDKROOT = iphoneos;
				SWIFT_COMPILATION_MODE = wholemodule;
				SWIFT_OPTIMIZATION_LEVEL = "-O";
				VALIDATE_PRODUCT = YES;
			};
			name = Release;
		};
		753A7D2B22940EF500F06DBA /* Debug */ = {
			isa = XCBuildConfiguration;
			buildSettings = {
				ASSETCATALOG_COMPILER_APPICON_NAME = AppIcon;
				CODE_SIGN_STYLE = Automatic;
				INFOPLIST_FILE = "Chapter03-Alert/Info.plist";
				LD_RUNPATH_SEARCH_PATHS = (
					"$(inherited)",
					"@executable_path/Frameworks",
				);
				PRODUCT_BUNDLE_IDENTIFIER = "suhyeong.Chapter03-Alert";
				PRODUCT_NAME = "$(TARGET_NAME)";
				SWIFT_VERSION = 5.0;
				TARGETED_DEVICE_FAMILY = "1,2";
			};
			name = Debug;
		};
		753A7D2C22940EF500F06DBA /* Release */ = {
			isa = XCBuildConfiguration;
			buildSettings = {
				ASSETCATALOG_COMPILER_APPICON_NAME = AppIcon;
				CODE_SIGN_STYLE = Automatic;
				INFOPLIST_FILE = "Chapter03-Alert/Info.plist";
				LD_RUNPATH_SEARCH_PATHS = (
					"$(inherited)",
					"@executable_path/Frameworks",
				);
				PRODUCT_BUNDLE_IDENTIFIER = "suhyeong.Chapter03-Alert";
				PRODUCT_NAME = "$(TARGET_NAME)";
				SWIFT_VERSION = 5.0;
				TARGETED_DEVICE_FAMILY = "1,2";
			};
			name = Release;
		};
/* End XCBuildConfiguration section */

/* Begin XCConfigurationList section */
		753A7D1322940EF400F06DBA /* Build configuration list for PBXProject "Chapter03-Alert" */ = {
			isa = XCConfigurationList;
			buildConfigurations = (
				753A7D2822940EF500F06DBA /* Debug */,
				753A7D2922940EF500F06DBA /* Release */,
			);
			defaultConfigurationIsVisible = 0;
			defaultConfigurationName = Release;
		};
		753A7D2A22940EF500F06DBA /* Build configuration list for PBXNativeTarget "Chapter03-Alert" */ = {
			isa = XCConfigurationList;
			buildConfigurations = (
				753A7D2B22940EF500F06DBA /* Debug */,
				753A7D2C22940EF500F06DBA /* Release */,
			);
			defaultConfigurationIsVisible = 0;
			defaultConfigurationName = Release;
		};
/* End XCConfigurationList section */
	};
	rootObject = 753A7D1022940EF400F06DBA /* Project object */;
}
