// !$*UTF8*$!
{
	archiveVersion = 1;
	classes = {
	};
	objectVersion = 50;
	objects = {

/* Begin PBXBuildFile section */
		75458473228BBB8A00632775 /* AppDelegate.swift in Sources */ = {isa = PBXBuildFile; fileRef = 75458472228BBB8A00632775 /* AppDelegate.swift */; };
		75458475228BBB8A00632775 /* ViewController.swift in Sources */ = {isa = PBXBuildFile; fileRef = 75458474228BBB8A00632775 /* ViewController.swift */; };
		75458478228BBB8A00632775 /* Main.storyboard in Resources */ = {isa = PBXBuildFile; fileRef = 75458476228BBB8A00632775 /* Main.storyboard */; };
		7545847B228BBB8A00632775 /* MyMemory.xcdatamodeld in Sources */ = {isa = PBXBuildFile; fileRef = 75458479228BBB8A00632775 /* MyMemory.xcdatamodeld */; };
		7545847D228BBB8A00632775 /* Assets.xcassets in Resources */ = {isa = PBXBuildFile; fileRef = 7545847C228BBB8A00632775 /* Assets.xcassets */; };
		75458480228BBB8A00632775 /* LaunchScreen.storyboard in Resources */ = {isa = PBXBuildFile; fileRef = 7545847E228BBB8A00632775 /* LaunchScreen.storyboard */; };
		7545848C228BE63700632775 /* MemoListVC.swift in Sources */ = {isa = PBXBuildFile; fileRef = 7545848B228BE63700632775 /* MemoListVC.swift */; };
		7545848E228BE66500632775 /* MemoFormVC.swift in Sources */ = {isa = PBXBuildFile; fileRef = 7545848D228BE66500632775 /* MemoFormVC.swift */; };
		75458490228BE68B00632775 /* MemoReadVC.swift in Sources */ = {isa = PBXBuildFile; fileRef = 7545848F228BE68B00632775 /* MemoReadVC.swift */; };
		75458492228BE6A200632775 /* MemoCell.swift in Sources */ = {isa = PBXBuildFile; fileRef = 75458491228BE6A200632775 /* MemoCell.swift */; };
		75458494228BE70500632775 /* MemoData.swift in Sources */ = {isa = PBXBuildFile; fileRef = 75458493228BE70500632775 /* MemoData.swift */; };
		75486721228D5A7500582737 /* fountainpen@2x.png in Resources */ = {isa = PBXBuildFile; fileRef = 75486720228D5A7500582737 /* fountainpen@2x.png */; };
/* End PBXBuildFile section */

/* Begin PBXFileReference section */
		7545846F228BBB8A00632775 /* MyMemory.app */ = {isa = PBXFileReference; explicitFileType = wrapper.application; includeInIndex = 0; path = MyMemory.app; sourceTree = BUILT_PRODUCTS_DIR; };
		75458472228BBB8A00632775 /* AppDelegate.swift */ = {isa = PBXFileReference; lastKnownFileType = sourcecode.swift; path = AppDelegate.swift; sourceTree = "<group>"; };
		75458474228BBB8A00632775 /* ViewController.swift */ = {isa = PBXFileReference; lastKnownFileType = sourcecode.swift; path = ViewController.swift; sourceTree = "<group>"; };
		75458477228BBB8A00632775 /* Base */ = {isa = PBXFileReference; lastKnownFileType = file.storyboard; name = Base; path = Base.lproj/Main.storyboard; sourceTree = "<group>"; };
		7545847A228BBB8A00632775 /* MyMemory.xcdatamodel */ = {isa = PBXFileReference; lastKnownFileType = wrapper.xcdatamodel; path = MyMemory.xcdatamodel; sourceTree = "<group>"; };
		7545847C228BBB8A00632775 /* Assets.xcassets */ = {isa = PBXFileReference; lastKnownFileType = folder.assetcatalog; path = Assets.xcassets; sourceTree = "<group>"; };
		7545847F228BBB8A00632775 /* Base */ = {isa = PBXFileReference; lastKnownFileType = file.storyboard; name = Base; path = Base.lproj/LaunchScreen.storyboard; sourceTree = "<group>"; };
		75458481228BBB8A00632775 /* Info.plist */ = {isa = PBXFileReference; lastKnownFileType = text.plist.xml; path = Info.plist; sourceTree = "<group>"; };
		7545848B228BE63700632775 /* MemoListVC.swift */ = {isa = PBXFileReference; lastKnownFileType = sourcecode.swift; path = MemoListVC.swift; sourceTree = "<group>"; };
		7545848D228BE66500632775 /* MemoFormVC.swift */ = {isa = PBXFileReference; lastKnownFileType = sourcecode.swift; path = MemoFormVC.swift; sourceTree = "<group>"; };
		7545848F228BE68B00632775 /* MemoReadVC.swift */ = {isa = PBXFileReference; lastKnownFileType = sourcecode.swift; path = MemoReadVC.swift; sourceTree = "<group>"; };
		75458491228BE6A200632775 /* MemoCell.swift */ = {isa = PBXFileReference; lastKnownFileType = sourcecode.swift; path = MemoCell.swift; sourceTree = "<group>"; };
		75458493228BE70500632775 /* MemoData.swift */ = {isa = PBXFileReference; lastKnownFileType = sourcecode.swift; path = MemoData.swift; sourceTree = "<group>"; };
		75486720228D5A7500582737 /* fountainpen@2x.png */ = {isa = PBXFileReference; lastKnownFileType = image.png; path = "fountainpen@2x.png"; sourceTree = "<group>"; };
/* End PBXFileReference section */

/* Begin PBXFrameworksBuildPhase section */
		7545846C228BBB8A00632775 /* Frameworks */ = {
			isa = PBXFrameworksBuildPhase;
			buildActionMask = 2147483647;
			files = (
			);
			runOnlyForDeploymentPostprocessing = 0;
		};
/* End PBXFrameworksBuildPhase section */

/* Begin PBXGroup section */
		75458466228BBB8A00632775 = {
			isa = PBXGroup;
			children = (
				7548671F228D59F100582737 /* Resources */,
				75458471228BBB8A00632775 /* MyMemory */,
				75458470228BBB8A00632775 /* Products */,
			);
			sourceTree = "<group>";
		};
		75458470228BBB8A00632775 /* Products */ = {
			isa = PBXGroup;
			children = (
				7545846F228BBB8A00632775 /* MyMemory.app */,
			);
			name = Products;
			sourceTree = "<group>";
		};
		75458471228BBB8A00632775 /* MyMemory */ = {
			isa = PBXGroup;
			children = (
				7545848B228BE63700632775 /* MemoListVC.swift */,
				7545848D228BE66500632775 /* MemoFormVC.swift */,
				7545848F228BE68B00632775 /* MemoReadVC.swift */,
				75458491228BE6A200632775 /* MemoCell.swift */,
				75458472228BBB8A00632775 /* AppDelegate.swift */,
				75458474228BBB8A00632775 /* ViewController.swift */,
				75458476228BBB8A00632775 /* Main.storyboard */,
				75458493228BE70500632775 /* MemoData.swift */,
				7545847C228BBB8A00632775 /* Assets.xcassets */,
				7545847E228BBB8A00632775 /* LaunchScreen.storyboard */,
				75458481228BBB8A00632775 /* Info.plist */,
				75458479228BBB8A00632775 /* MyMemory.xcdatamodeld */,
			);
			path = MyMemory;
			sourceTree = "<group>";
		};
		7548671F228D59F100582737 /* Resources */ = {
			isa = PBXGroup;
			children = (
				75486720228D5A7500582737 /* fountainpen@2x.png */,
			);
			path = Resources;
			sourceTree = "<group>";
		};
/* End PBXGroup section */

/* Begin PBXNativeTarget section */
		7545846E228BBB8A00632775 /* MyMemory */ = {
			isa = PBXNativeTarget;
			buildConfigurationList = 75458484228BBB8A00632775 /* Build configuration list for PBXNativeTarget "MyMemory" */;
			buildPhases = (
				7545846B228BBB8A00632775 /* Sources */,
				7545846C228BBB8A00632775 /* Frameworks */,
				7545846D228BBB8A00632775 /* Resources */,
			);
			buildRules = (
			);
			dependencies = (
			);
			name = MyMemory;
			productName = MyMemory;
			productReference = 7545846F228BBB8A00632775 /* MyMemory.app */;
			productType = "com.apple.product-type.application";
		};
/* End PBXNativeTarget section */

/* Begin PBXProject section */
		75458467228BBB8A00632775 /* Project object */ = {
			isa = PBXProject;
			attributes = {
				LastSwiftUpdateCheck = 1020;
				LastUpgradeCheck = 1020;
				ORGANIZATIONNAME = "조수형";
				TargetAttributes = {
					7545846E228BBB8A00632775 = {
						CreatedOnToolsVersion = 10.2;
					};
				};
			};
			buildConfigurationList = 7545846A228BBB8A00632775 /* Build configuration list for PBXProject "MyMemory" */;
			compatibilityVersion = "Xcode 9.3";
			developmentRegion = en;
			hasScannedForEncodings = 0;
			knownRegions = (
				en,
				Base,
			);
			mainGroup = 75458466228BBB8A00632775;
			productRefGroup = 75458470228BBB8A00632775 /* Products */;
			projectDirPath = "";
			projectRoot = "";
			targets = (
				7545846E228BBB8A00632775 /* MyMemory */,
			);
		};
/* End PBXProject section */

/* Begin PBXResourcesBuildPhase section */
		7545846D228BBB8A00632775 /* Resources */ = {
			isa = PBXResourcesBuildPhase;
			buildActionMask = 2147483647;
			files = (
				75458480228BBB8A00632775 /* LaunchScreen.storyboard in Resources */,
				7545847D228BBB8A00632775 /* Assets.xcassets in Resources */,
				75486721228D5A7500582737 /* fountainpen@2x.png in Resources */,
				75458478228BBB8A00632775 /* Main.storyboard in Resources */,
			);
			runOnlyForDeploymentPostprocessing = 0;
		};
/* End PBXResourcesBuildPhase section */

/* Begin PBXSourcesBuildPhase section */
		7545846B228BBB8A00632775 /* Sources */ = {
			isa = PBXSourcesBuildPhase;
			buildActionMask = 2147483647;
			files = (
				7545848E228BE66500632775 /* MemoFormVC.swift in Sources */,
				75458494228BE70500632775 /* MemoData.swift in Sources */,
				7545847B228BBB8A00632775 /* MyMemory.xcdatamodeld in Sources */,
				75458490228BE68B00632775 /* MemoReadVC.swift in Sources */,
				75458475228BBB8A00632775 /* ViewController.swift in Sources */,
				7545848C228BE63700632775 /* MemoListVC.swift in Sources */,
				75458473228BBB8A00632775 /* AppDelegate.swift in Sources */,
				75458492228BE6A200632775 /* MemoCell.swift in Sources */,
			);
			runOnlyForDeploymentPostprocessing = 0;
		};
/* End PBXSourcesBuildPhase section */

/* Begin PBXVariantGroup section */
		75458476228BBB8A00632775 /* Main.storyboard */ = {
			isa = PBXVariantGroup;
			children = (
				75458477228BBB8A00632775 /* Base */,
			);
			name = Main.storyboard;
			sourceTree = "<group>";
		};
		7545847E228BBB8A00632775 /* LaunchScreen.storyboard */ = {
			isa = PBXVariantGroup;
			children = (
				7545847F228BBB8A00632775 /* Base */,
			);
			name = LaunchScreen.storyboard;
			sourceTree = "<group>";
		};
/* End PBXVariantGroup section */

/* Begin XCBuildConfiguration section */
		75458482228BBB8A00632775 /* Debug */ = {
			isa = XCBuildConfiguration;
			buildSettings = {
				ALWAYS_SEARCH_USER_PATHS = NO;
				CLANG_ANALYZER_NONNULL = YES;
				CLANG_ANALYZER_NUMBER_OBJECT_CONVERSION = YES_AGGRESSIVE;
				CLANG_CXX_LANGUAGE_STANDARD = "gnu++14";
				CLANG_CXX_LIBRARY = "libc++";
				CLANG_ENABLE_MODULES = YES;
				CLANG_ENABLE_OBJC_ARC = YES;
				CLANG_ENABLE_OBJC_WEAK = YES;
				CLANG_WARN_BLOCK_CAPTURE_AUTORELEASING = YES;
				CLANG_WARN_BOOL_CONVERSION = YES;
				CLANG_WARN_COMMA = YES;
				CLANG_WARN_CONSTANT_CONVERSION = YES;
				CLANG_WARN_DEPRECATED_OBJC_IMPLEMENTATIONS = YES;
				CLANG_WARN_DIRECT_OBJC_ISA_USAGE = YES_ERROR;
				CLANG_WARN_DOCUMENTATION_COMMENTS = YES;
				CLANG_WARN_EMPTY_BODY = YES;
				CLANG_WARN_ENUM_CONVERSION = YES;
				CLANG_WARN_INFINITE_RECURSION = YES;
				CLANG_WARN_INT_CONVERSION = YES;
				CLANG_WARN_NON_LITERAL_NULL_CONVERSION = YES;
				CLANG_WARN_OBJC_IMPLICIT_RETAIN_SELF = YES;
				CLANG_WARN_OBJC_LITERAL_CONVERSION = YES;
				CLANG_WARN_OBJC_ROOT_CLASS = YES_ERROR;
				CLANG_WARN_RANGE_LOOP_ANALYSIS = YES;
				CLANG_WARN_STRICT_PROTOTYPES = YES;
				CLANG_WARN_SUSPICIOUS_MOVE = YES;
				CLANG_WARN_UNGUARDED_AVAILABILITY = YES_AGGRESSIVE;
				CLANG_WARN_UNREACHABLE_CODE = YES;
				CLANG_WARN__DUPLICATE_METHOD_MATCH = YES;
				CODE_SIGN_IDENTITY = "iPhone Developer";
				COPY_PHASE_STRIP = NO;
				DEBUG_INFORMATION_FORMAT = dwarf;
				ENABLE_STRICT_OBJC_MSGSEND = YES;
				ENABLE_TESTABILITY = YES;
				GCC_C_LANGUAGE_STANDARD = gnu11;
				GCC_DYNAMIC_NO_PIC = NO;
				GCC_NO_COMMON_BLOCKS = YES;
				GCC_OPTIMIZATION_LEVEL = 0;
				GCC_PREPROCESSOR_DEFINITIONS = (
					"DEBUG=1",
					"$(inherited)",
				);
				GCC_WARN_64_TO_32_BIT_CONVERSION = YES;
				GCC_WARN_ABOUT_RETURN_TYPE = YES_ERROR;
				GCC_WARN_UNDECLARED_SELECTOR = YES;
				GCC_WARN_UNINITIALIZED_AUTOS = YES_AGGRESSIVE;
				GCC_WARN_UNUSED_FUNCTION = YES;
				GCC_WARN_UNUSED_VARIABLE = YES;
				IPHONEOS_DEPLOYMENT_TARGET = 12.2;
				MTL_ENABLE_DEBUG_INFO = INCLUDE_SOURCE;
				MTL_FAST_MATH = YES;
				ONLY_ACTIVE_ARCH = YES;
				SDKROOT = iphoneos;
				SWIFT_ACTIVE_COMPILATION_CONDITIONS = DEBUG;
				SWIFT_OPTIMIZATION_LEVEL = "-Onone";
			};
			name = Debug;
		};
		75458483228BBB8A00632775 /* Release */ = {
			isa = XCBuildConfiguration;
			buildSettings = {
				ALWAYS_SEARCH_USER_PATHS = NO;
				CLANG_ANALYZER_NONNULL = YES;
				CLANG_ANALYZER_NUMBER_OBJECT_CONVERSION = YES_AGGRESSIVE;
				CLANG_CXX_LANGUAGE_STANDARD = "gnu++14";
				CLANG_CXX_LIBRARY = "libc++";
				CLANG_ENABLE_MODULES = YES;
				CLANG_ENABLE_OBJC_ARC = YES;
				CLANG_ENABLE_OBJC_WEAK = YES;
				CLANG_WARN_BLOCK_CAPTURE_AUTORELEASING = YES;
				CLANG_WARN_BOOL_CONVERSION = YES;
				CLANG_WARN_COMMA = YES;
				CLANG_WARN_CONSTANT_CONVERSION = YES;
				CLANG_WARN_DEPRECATED_OBJC_IMPLEMENTATIONS = YES;
				CLANG_WARN_DIRECT_OBJC_ISA_USAGE = YES_ERROR;
				CLANG_WARN_DOCUMENTATION_COMMENTS = YES;
				CLANG_WARN_EMPTY_BODY = YES;
				CLANG_WARN_ENUM_CONVERSION = YES;
				CLANG_WARN_INFINITE_RECURSION = YES;
				CLANG_WARN_INT_CONVERSION = YES;
				CLANG_WARN_NON_LITERAL_NULL_CONVERSION = YES;
				CLANG_WARN_OBJC_IMPLICIT_RETAIN_SELF = YES;
				CLANG_WARN_OBJC_LITERAL_CONVERSION = YES;
				CLANG_WARN_OBJC_ROOT_CLASS = YES_ERROR;
				CLANG_WARN_RANGE_LOOP_ANALYSIS = YES;
				CLANG_WARN_STRICT_PROTOTYPES = YES;
				CLANG_WARN_SUSPICIOUS_MOVE = YES;
				CLANG_WARN_UNGUARDED_AVAILABILITY = YES_AGGRESSIVE;
				CLANG_WARN_UNREACHABLE_CODE = YES;
				CLANG_WARN__DUPLICATE_METHOD_MATCH = YES;
				CODE_SIGN_IDENTITY = "iPhone Developer";
				COPY_PHASE_STRIP = NO;
				DEBUG_INFORMATION_FORMAT = "dwarf-with-dsym";
				ENABLE_NS_ASSERTIONS = NO;
				ENABLE_STRICT_OBJC_MSGSEND = YES;
				GCC_C_LANGUAGE_STANDARD = gnu11;
				GCC_NO_COMMON_BLOCKS = YES;
				GCC_WARN_64_TO_32_BIT_CONVERSION = YES;
				GCC_WARN_ABOUT_RETURN_TYPE = YES_ERROR;
				GCC_WARN_UNDECLARED_SELECTOR = YES;
				GCC_WARN_UNINITIALIZED_AUTOS = YES_AGGRESSIVE;
				GCC_WARN_UNUSED_FUNCTION = YES;
				GCC_WARN_UNUSED_VARIABLE = YES;
				IPHONEOS_DEPLOYMENT_TARGET = 12.2;
				MTL_ENABLE_DEBUG_INFO = NO;
				MTL_FAST_MATH = YES;
				SDKROOT = iphoneos;
				SWIFT_COMPILATION_MODE = wholemodule;
				SWIFT_OPTIMIZATION_LEVEL = "-O";
				VALIDATE_PRODUCT = YES;
			};
			name = Release;
		};
		75458485228BBB8A00632775 /* Debug */ = {
			isa = XCBuildConfiguration;
			buildSettings = {
				ASSETCATALOG_COMPILER_APPICON_NAME = AppIcon;
				CODE_SIGN_STYLE = Automatic;
				INFOPLIST_FILE = MyMemory/Info.plist;
				LD_RUNPATH_SEARCH_PATHS = (
					"$(inherited)",
					"@executable_path/Frameworks",
				);
				PRODUCT_BUNDLE_IDENTIFIER = suhyeong.MyMemory;
				PRODUCT_NAME = "$(TARGET_NAME)";
				SWIFT_VERSION = 5.0;
				TARGETED_DEVICE_FAMILY = "1,2";
			};
			name = Debug;
		};
		75458486228BBB8A00632775 /* Release */ = {
			isa = XCBuildConfiguration;
			buildSettings = {
				ASSETCATALOG_COMPILER_APPICON_NAME = AppIcon;
				CODE_SIGN_STYLE = Automatic;
				INFOPLIST_FILE = MyMemory/Info.plist;
				LD_RUNPATH_SEARCH_PATHS = (
					"$(inherited)",
					"@executable_path/Frameworks",
				);
				PRODUCT_BUNDLE_IDENTIFIER = suhyeong.MyMemory;
				PRODUCT_NAME = "$(TARGET_NAME)";
				SWIFT_VERSION = 5.0;
				TARGETED_DEVICE_FAMILY = "1,2";
			};
			name = Release;
		};
/* End XCBuildConfiguration section */

/* Begin XCConfigurationList section */
		7545846A228BBB8A00632775 /* Build configuration list for PBXProject "MyMemory" */ = {
			isa = XCConfigurationList;
			buildConfigurations = (
				75458482228BBB8A00632775 /* Debug */,
				75458483228BBB8A00632775 /* Release */,
			);
			defaultConfigurationIsVisible = 0;
			defaultConfigurationName = Release;
		};
		75458484228BBB8A00632775 /* Build configuration list for PBXNativeTarget "MyMemory" */ = {
			isa = XCConfigurationList;
			buildConfigurations = (
				75458485228BBB8A00632775 /* Debug */,
				75458486228BBB8A00632775 /* Release */,
			);
			defaultConfigurationIsVisible = 0;
			defaultConfigurationName = Release;
		};
/* End XCConfigurationList section */

/* Begin XCVersionGroup section */
		75458479228BBB8A00632775 /* MyMemory.xcdatamodeld */ = {
			isa = XCVersionGroup;
			children = (
				7545847A228BBB8A00632775 /* MyMemory.xcdatamodel */,
			);
			currentVersion = 7545847A228BBB8A00632775 /* MyMemory.xcdatamodel */;
			path = MyMemory.xcdatamodeld;
			sourceTree = "<group>";
			versionGroupType = wrapper.xcdatamodel;
		};
/* End XCVersionGroup section */
	};
	rootObject = 75458467228BBB8A00632775 /* Project object */;
}
