// !$*UTF8*$!
{
	archiveVersion = 1;
	classes = {
	};
	objectVersion = 50;
	objects = {

/* Begin PBXBuildFile section */
		75492559228315CC00DDE2AA /* AppDelegate.swift in Sources */ = {isa = PBXBuildFile; fileRef = 75492558228315CC00DDE2AA /* AppDelegate.swift */; };
		7549255B228315CC00DDE2AA /* ViewController.swift in Sources */ = {isa = PBXBuildFile; fileRef = 7549255A228315CC00DDE2AA /* ViewController.swift */; };
		7549255E228315CC00DDE2AA /* Main.storyboard in Resources */ = {isa = PBXBuildFile; fileRef = 7549255C228315CC00DDE2AA /* Main.storyboard */; };
		75492560228315CD00DDE2AA /* Assets.xcassets in Resources */ = {isa = PBXBuildFile; fileRef = 7549255F228315CD00DDE2AA /* Assets.xcassets */; };
		75492563228315CD00DDE2AA /* LaunchScreen.storyboard in Resources */ = {isa = PBXBuildFile; fileRef = 75492561228315CD00DDE2AA /* LaunchScreen.storyboard */; };
		7549256B22831E7E00DDE2AA /* SecondViewController.swift in Sources */ = {isa = PBXBuildFile; fileRef = 7549256A22831E7E00DDE2AA /* SecondViewController.swift */; };
/* End PBXBuildFile section */

/* Begin PBXFileReference section */
		75492555228315CC00DDE2AA /* Scene-Trans01.app */ = {isa = PBXFileReference; explicitFileType = wrapper.application; includeInIndex = 0; path = "Scene-Trans01.app"; sourceTree = BUILT_PRODUCTS_DIR; };
		75492558228315CC00DDE2AA /* AppDelegate.swift */ = {isa = PBXFileReference; lastKnownFileType = sourcecode.swift; path = AppDelegate.swift; sourceTree = "<group>"; };
		7549255A228315CC00DDE2AA /* ViewController.swift */ = {isa = PBXFileReference; lastKnownFileType = sourcecode.swift; path = ViewController.swift; sourceTree = "<group>"; };
		7549255D228315CC00DDE2AA /* Base */ = {isa = PBXFileReference; lastKnownFileType = file.storyboard; name = Base; path = Base.lproj/Main.storyboard; sourceTree = "<group>"; };
		7549255F228315CD00DDE2AA /* Assets.xcassets */ = {isa = PBXFileReference; lastKnownFileType = folder.assetcatalog; path = Assets.xcassets; sourceTree = "<group>"; };
		75492562228315CD00DDE2AA /* Base */ = {isa = PBXFileReference; lastKnownFileType = file.storyboard; name = Base; path = Base.lproj/LaunchScreen.storyboard; sourceTree = "<group>"; };
		75492564228315CD00DDE2AA /* Info.plist */ = {isa = PBXFileReference; lastKnownFileType = text.plist.xml; path = Info.plist; sourceTree = "<group>"; };
		7549256A22831E7E00DDE2AA /* SecondViewController.swift */ = {isa = PBXFileReference; lastKnownFileType = sourcecode.swift; path = SecondViewController.swift; sourceTree = "<group>"; };
/* End PBXFileReference section */

/* Begin PBXFrameworksBuildPhase section */
		75492552228315CC00DDE2AA /* Frameworks */ = {
			isa = PBXFrameworksBuildPhase;
			buildActionMask = 2147483647;
			files = (
			);
			runOnlyForDeploymentPostprocessing = 0;
		};
/* End PBXFrameworksBuildPhase section */

/* Begin PBXGroup section */
		7549254C228315CC00DDE2AA = {
			isa = PBXGroup;
			children = (
				75492557228315CC00DDE2AA /* Scene-Trans01 */,
				75492556228315CC00DDE2AA /* Products */,
			);
			sourceTree = "<group>";
		};
		75492556228315CC00DDE2AA /* Products */ = {
			isa = PBXGroup;
			children = (
				75492555228315CC00DDE2AA /* Scene-Trans01.app */,
			);
			name = Products;
			sourceTree = "<group>";
		};
		75492557228315CC00DDE2AA /* Scene-Trans01 */ = {
			isa = PBXGroup;
			children = (
				75492558228315CC00DDE2AA /* AppDelegate.swift */,
				7549255A228315CC00DDE2AA /* ViewController.swift */,
				7549256A22831E7E00DDE2AA /* SecondViewController.swift */,
				7549255C228315CC00DDE2AA /* Main.storyboard */,
				7549255F228315CD00DDE2AA /* Assets.xcassets */,
				75492561228315CD00DDE2AA /* LaunchScreen.storyboard */,
				75492564228315CD00DDE2AA /* Info.plist */,
			);
			path = "Scene-Trans01";
			sourceTree = "<group>";
		};
/* End PBXGroup section */

/* Begin PBXNativeTarget section */
		75492554228315CC00DDE2AA /* Scene-Trans01 */ = {
			isa = PBXNativeTarget;
			buildConfigurationList = 75492567228315CD00DDE2AA /* Build configuration list for PBXNativeTarget "Scene-Trans01" */;
			buildPhases = (
				75492551228315CC00DDE2AA /* Sources */,
				75492552228315CC00DDE2AA /* Frameworks */,
				75492553228315CC00DDE2AA /* Resources */,
			);
			buildRules = (
			);
			dependencies = (
			);
			name = "Scene-Trans01";
			productName = "Scene-Trans01";
			productReference = 75492555228315CC00DDE2AA /* Scene-Trans01.app */;
			productType = "com.apple.product-type.application";
		};
/* End PBXNativeTarget section */

/* Begin PBXProject section */
		7549254D228315CC00DDE2AA /* Project object */ = {
			isa = PBXProject;
			attributes = {
				LastSwiftUpdateCheck = 1020;
				LastUpgradeCheck = 1020;
				ORGANIZATIONNAME = "조수형";
				TargetAttributes = {
					75492554228315CC00DDE2AA = {
						CreatedOnToolsVersion = 10.2;
					};
				};
			};
			buildConfigurationList = 75492550228315CC00DDE2AA /* Build configuration list for PBXProject "Scene-Trans01" */;
			compatibilityVersion = "Xcode 9.3";
			developmentRegion = en;
			hasScannedForEncodings = 0;
			knownRegions = (
				en,
				Base,
			);
			mainGroup = 7549254C228315CC00DDE2AA;
			productRefGroup = 75492556228315CC00DDE2AA /* Products */;
			projectDirPath = "";
			projectRoot = "";
			targets = (
				75492554228315CC00DDE2AA /* Scene-Trans01 */,
			);
		};
/* End PBXProject section */

/* Begin PBXResourcesBuildPhase section */
		75492553228315CC00DDE2AA /* Resources */ = {
			isa = PBXResourcesBuildPhase;
			buildActionMask = 2147483647;
			files = (
				75492563228315CD00DDE2AA /* LaunchScreen.storyboard in Resources */,
				75492560228315CD00DDE2AA /* Assets.xcassets in Resources */,
				7549255E228315CC00DDE2AA /* Main.storyboard in Resources */,
			);
			runOnlyForDeploymentPostprocessing = 0;
		};
/* End PBXResourcesBuildPhase section */

/* Begin PBXSourcesBuildPhase section */
		75492551228315CC00DDE2AA /* Sources */ = {
			isa = PBXSourcesBuildPhase;
			buildActionMask = 2147483647;
			files = (
				7549256B22831E7E00DDE2AA /* SecondViewController.swift in Sources */,
				7549255B228315CC00DDE2AA /* ViewController.swift in Sources */,
				75492559228315CC00DDE2AA /* AppDelegate.swift in Sources */,
			);
			runOnlyForDeploymentPostprocessing = 0;
		};
/* End PBXSourcesBuildPhase section */

/* Begin PBXVariantGroup section */
		7549255C228315CC00DDE2AA /* Main.storyboard */ = {
			isa = PBXVariantGroup;
			children = (
				7549255D228315CC00DDE2AA /* Base */,
			);
			name = Main.storyboard;
			sourceTree = "<group>";
		};
		75492561228315CD00DDE2AA /* LaunchScreen.storyboard */ = {
			isa = PBXVariantGroup;
			children = (
				75492562228315CD00DDE2AA /* Base */,
			);
			name = LaunchScreen.storyboard;
			sourceTree = "<group>";
		};
/* End PBXVariantGroup section */

/* Begin XCBuildConfiguration section */
		75492565228315CD00DDE2AA /* Debug */ = {
			isa = XCBuildConfiguration;
			buildSettings = {
				ALWAYS_SEARCH_USER_PATHS = NO;
				CLANG_ANALYZER_NONNULL = YES;
				CLANG_ANALYZER_NUMBER_OBJECT_CONVERSION = YES_AGGRESSIVE;
				CLANG_CXX_LANGUAGE_STANDARD = "gnu++14";
				CLANG_CXX_LIBRARY = "libc++";
				CLANG_ENABLE_MODULES = YES;
				CLANG_ENABLE_OBJC_ARC = YES;
				CLANG_ENABLE_OBJC_WEAK = YES;
				CLANG_WARN_BLOCK_CAPTURE_AUTORELEASING = YES;
				CLANG_WARN_BOOL_CONVERSION = YES;
				CLANG_WARN_COMMA = YES;
				CLANG_WARN_CONSTANT_CONVERSION = YES;
				CLANG_WARN_DEPRECATED_OBJC_IMPLEMENTATIONS = YES;
				CLANG_WARN_DIRECT_OBJC_ISA_USAGE = YES_ERROR;
				CLANG_WARN_DOCUMENTATION_COMMENTS = YES;
				CLANG_WARN_EMPTY_BODY = YES;
				CLANG_WARN_ENUM_CONVERSION = YES;
				CLANG_WARN_INFINITE_RECURSION = YES;
				CLANG_WARN_INT_CONVERSION = YES;
				CLANG_WARN_NON_LITERAL_NULL_CONVERSION = YES;
				CLANG_WARN_OBJC_IMPLICIT_RETAIN_SELF = YES;
				CLANG_WARN_OBJC_LITERAL_CONVERSION = YES;
				CLANG_WARN_OBJC_ROOT_CLASS = YES_ERROR;
				CLANG_WARN_RANGE_LOOP_ANALYSIS = YES;
				CLANG_WARN_STRICT_PROTOTYPES = YES;
				CLANG_WARN_SUSPICIOUS_MOVE = YES;
				CLANG_WARN_UNGUARDED_AVAILABILITY = YES_AGGRESSIVE;
				CLANG_WARN_UNREACHABLE_CODE = YES;
				CLANG_WARN__DUPLICATE_METHOD_MATCH = YES;
				CODE_SIGN_IDENTITY = "iPhone Developer";
				COPY_PHASE_STRIP = NO;
				DEBUG_INFORMATION_FORMAT = dwarf;
				ENABLE_STRICT_OBJC_MSGSEND = YES;
				ENABLE_TESTABILITY = YES;
				GCC_C_LANGUAGE_STANDARD = gnu11;
				GCC_DYNAMIC_NO_PIC = NO;
				GCC_NO_COMMON_BLOCKS = YES;
				GCC_OPTIMIZATION_LEVEL = 0;
				GCC_PREPROCESSOR_DEFINITIONS = (
					"DEBUG=1",
					"$(inherited)",
				);
				GCC_WARN_64_TO_32_BIT_CONVERSION = YES;
				GCC_WARN_ABOUT_RETURN_TYPE = YES_ERROR;
				GCC_WARN_UNDECLARED_SELECTOR = YES;
				GCC_WARN_UNINITIALIZED_AUTOS = YES_AGGRESSIVE;
				GCC_WARN_UNUSED_FUNCTION = YES;
				GCC_WARN_UNUSED_VARIABLE = YES;
				IPHONEOS_DEPLOYMENT_TARGET = 12.2;
				MTL_ENABLE_DEBUG_INFO = INCLUDE_SOURCE;
				MTL_FAST_MATH = YES;
				ONLY_ACTIVE_ARCH = YES;
				SDKROOT = iphoneos;
				SWIFT_ACTIVE_COMPILATION_CONDITIONS = DEBUG;
				SWIFT_OPTIMIZATION_LEVEL = "-Onone";
			};
			name = Debug;
		};
		75492566228315CD00DDE2AA /* Release */ = {
			isa = XCBuildConfiguration;
			buildSettings = {
				ALWAYS_SEARCH_USER_PATHS = NO;
				CLANG_ANALYZER_NONNULL = YES;
				CLANG_ANALYZER_NUMBER_OBJECT_CONVERSION = YES_AGGRESSIVE;
				CLANG_CXX_LANGUAGE_STANDARD = "gnu++14";
				CLANG_CXX_LIBRARY = "libc++";
				CLANG_ENABLE_MODULES = YES;
				CLANG_ENABLE_OBJC_ARC = YES;
				CLANG_ENABLE_OBJC_WEAK = YES;
				CLANG_WARN_BLOCK_CAPTURE_AUTORELEASING = YES;
				CLANG_WARN_BOOL_CONVERSION = YES;
				CLANG_WARN_COMMA = YES;
				CLANG_WARN_CONSTANT_CONVERSION = YES;
				CLANG_WARN_DEPRECATED_OBJC_IMPLEMENTATIONS = YES;
				CLANG_WARN_DIRECT_OBJC_ISA_USAGE = YES_ERROR;
				CLANG_WARN_DOCUMENTATION_COMMENTS = YES;
				CLANG_WARN_EMPTY_BODY = YES;
				CLANG_WARN_ENUM_CONVERSION = YES;
				CLANG_WARN_INFINITE_RECURSION = YES;
				CLANG_WARN_INT_CONVERSION = YES;
				CLANG_WARN_NON_LITERAL_NULL_CONVERSION = YES;
				CLANG_WARN_OBJC_IMPLICIT_RETAIN_SELF = YES;
				CLANG_WARN_OBJC_LITERAL_CONVERSION = YES;
				CLANG_WARN_OBJC_ROOT_CLASS = YES_ERROR;
				CLANG_WARN_RANGE_LOOP_ANALYSIS = YES;
				CLANG_WARN_STRICT_PROTOTYPES = YES;
				CLANG_WARN_SUSPICIOUS_MOVE = YES;
				CLANG_WARN_UNGUARDED_AVAILABILITY = YES_AGGRESSIVE;
				CLANG_WARN_UNREACHABLE_CODE = YES;
				CLANG_WARN__DUPLICATE_METHOD_MATCH = YES;
				CODE_SIGN_IDENTITY = "iPhone Developer";
				COPY_PHASE_STRIP = NO;
				DEBUG_INFORMATION_FORMAT = "dwarf-with-dsym";
				ENABLE_NS_ASSERTIONS = NO;
				ENABLE_STRICT_OBJC_MSGSEND = YES;
				GCC_C_LANGUAGE_STANDARD = gnu11;
				GCC_NO_COMMON_BLOCKS = YES;
				GCC_WARN_64_TO_32_BIT_CONVERSION = YES;
				GCC_WARN_ABOUT_RETURN_TYPE = YES_ERROR;
				GCC_WARN_UNDECLARED_SELECTOR = YES;
				GCC_WARN_UNINITIALIZED_AUTOS = YES_AGGRESSIVE;
				GCC_WARN_UNUSED_FUNCTION = YES;
				GCC_WARN_UNUSED_VARIABLE = YES;
				IPHONEOS_DEPLOYMENT_TARGET = 12.2;
				MTL_ENABLE_DEBUG_INFO = NO;
				MTL_FAST_MATH = YES;
				SDKROOT = iphoneos;
				SWIFT_COMPILATION_MODE = wholemodule;
				SWIFT_OPTIMIZATION_LEVEL = "-O";
				VALIDATE_PRODUCT = YES;
			};
			name = Release;
		};
		75492568228315CD00DDE2AA /* Debug */ = {
			isa = XCBuildConfiguration;
			buildSettings = {
				ASSETCATALOG_COMPILER_APPICON_NAME = AppIcon;
				CODE_SIGN_STYLE = Automatic;
				INFOPLIST_FILE = "Scene-Trans01/Info.plist";
				LD_RUNPATH_SEARCH_PATHS = (
					"$(inherited)",
					"@executable_path/Frameworks",
				);
				PRODUCT_BUNDLE_IDENTIFIER = "suhyeong.Scene-Trans01";
				PRODUCT_NAME = "$(TARGET_NAME)";
				SWIFT_VERSION = 5.0;
				TARGETED_DEVICE_FAMILY = 1;
			};
			name = Debug;
		};
		75492569228315CD00DDE2AA /* Release */ = {
			isa = XCBuildConfiguration;
			buildSettings = {
				ASSETCATALOG_COMPILER_APPICON_NAME = AppIcon;
				CODE_SIGN_STYLE = Automatic;
				INFOPLIST_FILE = "Scene-Trans01/Info.plist";
				LD_RUNPATH_SEARCH_PATHS = (
					"$(inherited)",
					"@executable_path/Frameworks",
				);
				PRODUCT_BUNDLE_IDENTIFIER = "suhyeong.Scene-Trans01";
				PRODUCT_NAME = "$(TARGET_NAME)";
				SWIFT_VERSION = 5.0;
				TARGETED_DEVICE_FAMILY = 1;
			};
			name = Release;
		};
/* End XCBuildConfiguration section */

/* Begin XCConfigurationList section */
		75492550228315CC00DDE2AA /* Build configuration list for PBXProject "Scene-Trans01" */ = {
			isa = XCConfigurationList;
			buildConfigurations = (
				75492565228315CD00DDE2AA /* Debug */,
				75492566228315CD00DDE2AA /* Release */,
			);
			defaultConfigurationIsVisible = 0;
			defaultConfigurationName = Release;
		};
		75492567228315CD00DDE2AA /* Build configuration list for PBXNativeTarget "Scene-Trans01" */ = {
			isa = XCConfigurationList;
			buildConfigurations = (
				75492568228315CD00DDE2AA /* Debug */,
				75492569228315CD00DDE2AA /* Release */,
			);
			defaultConfigurationIsVisible = 0;
			defaultConfigurationName = Release;
		};
/* End XCConfigurationList section */
	};
	rootObject = 7549254D228315CC00DDE2AA /* Project object */;
}
