// !$*UTF8*$!
{
	archiveVersion = 1;
	classes = {
	};
	objectVersion = 50;
	objects = {

/* Begin PBXBuildFile section */
		752413582285AC820042FFBD /* AppDelegate.swift in Sources */ = {isa = PBXBuildFile; fileRef = 752413572285AC820042FFBD /* AppDelegate.swift */; };
		7524135A2285AC820042FFBD /* ViewController.swift in Sources */ = {isa = PBXBuildFile; fileRef = 752413592285AC820042FFBD /* ViewController.swift */; };
		7524135D2285AC820042FFBD /* Main.storyboard in Resources */ = {isa = PBXBuildFile; fileRef = 7524135B2285AC820042FFBD /* Main.storyboard */; };
		7524135F2285AC830042FFBD /* Assets.xcassets in Resources */ = {isa = PBXBuildFile; fileRef = 7524135E2285AC830042FFBD /* Assets.xcassets */; };
		752413622285AC830042FFBD /* LaunchScreen.storyboard in Resources */ = {isa = PBXBuildFile; fileRef = 752413602285AC830042FFBD /* LaunchScreen.storyboard */; };
		7524136A2285AD020042FFBD /* NewSegue.swift in Sources */ = {isa = PBXBuildFile; fileRef = 752413692285AD020042FFBD /* NewSegue.swift */; };
/* End PBXBuildFile section */

/* Begin PBXFileReference section */
		752413542285AC820042FFBD /* Scene-CustomSegue.app */ = {isa = PBXFileReference; explicitFileType = wrapper.application; includeInIndex = 0; path = "Scene-CustomSegue.app"; sourceTree = BUILT_PRODUCTS_DIR; };
		752413572285AC820042FFBD /* AppDelegate.swift */ = {isa = PBXFileReference; lastKnownFileType = sourcecode.swift; path = AppDelegate.swift; sourceTree = "<group>"; };
		752413592285AC820042FFBD /* ViewController.swift */ = {isa = PBXFileReference; lastKnownFileType = sourcecode.swift; path = ViewController.swift; sourceTree = "<group>"; };
		7524135C2285AC820042FFBD /* Base */ = {isa = PBXFileReference; lastKnownFileType = file.storyboard; name = Base; path = Base.lproj/Main.storyboard; sourceTree = "<group>"; };
		7524135E2285AC830042FFBD /* Assets.xcassets */ = {isa = PBXFileReference; lastKnownFileType = folder.assetcatalog; path = Assets.xcassets; sourceTree = "<group>"; };
		752413612285AC830042FFBD /* Base */ = {isa = PBXFileReference; lastKnownFileType = file.storyboard; name = Base; path = Base.lproj/LaunchScreen.storyboard; sourceTree = "<group>"; };
		752413632285AC830042FFBD /* Info.plist */ = {isa = PBXFileReference; lastKnownFileType = text.plist.xml; path = Info.plist; sourceTree = "<group>"; };
		752413692285AD020042FFBD /* NewSegue.swift */ = {isa = PBXFileReference; lastKnownFileType = sourcecode.swift; path = NewSegue.swift; sourceTree = "<group>"; };
/* End PBXFileReference section */

/* Begin PBXFrameworksBuildPhase section */
		752413512285AC820042FFBD /* Frameworks */ = {
			isa = PBXFrameworksBuildPhase;
			buildActionMask = 2147483647;
			files = (
			);
			runOnlyForDeploymentPostprocessing = 0;
		};
/* End PBXFrameworksBuildPhase section */

/* Begin PBXGroup section */
		7524134B2285AC820042FFBD = {
			isa = PBXGroup;
			children = (
				752413562285AC820042FFBD /* Scene-CustomSegue */,
				752413552285AC820042FFBD /* Products */,
			);
			sourceTree = "<group>";
		};
		752413552285AC820042FFBD /* Products */ = {
			isa = PBXGroup;
			children = (
				752413542285AC820042FFBD /* Scene-CustomSegue.app */,
			);
			name = Products;
			sourceTree = "<group>";
		};
		752413562285AC820042FFBD /* Scene-CustomSegue */ = {
			isa = PBXGroup;
			children = (
				752413572285AC820042FFBD /* AppDelegate.swift */,
				752413592285AC820042FFBD /* ViewController.swift */,
				7524135B2285AC820042FFBD /* Main.storyboard */,
				752413692285AD020042FFBD /* NewSegue.swift */,
				7524135E2285AC830042FFBD /* Assets.xcassets */,
				752413602285AC830042FFBD /* LaunchScreen.storyboard */,
				752413632285AC830042FFBD /* Info.plist */,
			);
			path = "Scene-CustomSegue";
			sourceTree = "<group>";
		};
/* End PBXGroup section */

/* Begin PBXNativeTarget section */
		752413532285AC820042FFBD /* Scene-CustomSegue */ = {
			isa = PBXNativeTarget;
			buildConfigurationList = 752413662285AC830042FFBD /* Build configuration list for PBXNativeTarget "Scene-CustomSegue" */;
			buildPhases = (
				752413502285AC820042FFBD /* Sources */,
				752413512285AC820042FFBD /* Frameworks */,
				752413522285AC820042FFBD /* Resources */,
			);
			buildRules = (
			);
			dependencies = (
			);
			name = "Scene-CustomSegue";
			productName = "Scene-CustomSegue";
			productReference = 752413542285AC820042FFBD /* Scene-CustomSegue.app */;
			productType = "com.apple.product-type.application";
		};
/* End PBXNativeTarget section */

/* Begin PBXProject section */
		7524134C2285AC820042FFBD /* Project object */ = {
			isa = PBXProject;
			attributes = {
				LastSwiftUpdateCheck = 1020;
				LastUpgradeCheck = 1020;
				ORGANIZATIONNAME = "조수형";
				TargetAttributes = {
					752413532285AC820042FFBD = {
						CreatedOnToolsVersion = 10.2;
					};
				};
			};
			buildConfigurationList = 7524134F2285AC820042FFBD /* Build configuration list for PBXProject "Scene-CustomSegue" */;
			compatibilityVersion = "Xcode 9.3";
			developmentRegion = en;
			hasScannedForEncodings = 0;
			knownRegions = (
				en,
				Base,
			);
			mainGroup = 7524134B2285AC820042FFBD;
			productRefGroup = 752413552285AC820042FFBD /* Products */;
			projectDirPath = "";
			projectRoot = "";
			targets = (
				752413532285AC820042FFBD /* Scene-CustomSegue */,
			);
		};
/* End PBXProject section */

/* Begin PBXResourcesBuildPhase section */
		752413522285AC820042FFBD /* Resources */ = {
			isa = PBXResourcesBuildPhase;
			buildActionMask = 2147483647;
			files = (
				752413622285AC830042FFBD /* LaunchScreen.storyboard in Resources */,
				7524135F2285AC830042FFBD /* Assets.xcassets in Resources */,
				7524135D2285AC820042FFBD /* Main.storyboard in Resources */,
			);
			runOnlyForDeploymentPostprocessing = 0;
		};
/* End PBXResourcesBuildPhase section */

/* Begin PBXSourcesBuildPhase section */
		752413502285AC820042FFBD /* Sources */ = {
			isa = PBXSourcesBuildPhase;
			buildActionMask = 2147483647;
			files = (
				7524136A2285AD020042FFBD /* NewSegue.swift in Sources */,
				7524135A2285AC820042FFBD /* ViewController.swift in Sources */,
				752413582285AC820042FFBD /* AppDelegate.swift in Sources */,
			);
			runOnlyForDeploymentPostprocessing = 0;
		};
/* End PBXSourcesBuildPhase section */

/* Begin PBXVariantGroup section */
		7524135B2285AC820042FFBD /* Main.storyboard */ = {
			isa = PBXVariantGroup;
			children = (
				7524135C2285AC820042FFBD /* Base */,
			);
			name = Main.storyboard;
			sourceTree = "<group>";
		};
		752413602285AC830042FFBD /* LaunchScreen.storyboard */ = {
			isa = PBXVariantGroup;
			children = (
				752413612285AC830042FFBD /* Base */,
			);
			name = LaunchScreen.storyboard;
			sourceTree = "<group>";
		};
/* End PBXVariantGroup section */

/* Begin XCBuildConfiguration section */
		752413642285AC830042FFBD /* Debug */ = {
			isa = XCBuildConfiguration;
			buildSettings = {
				ALWAYS_SEARCH_USER_PATHS = NO;
				CLANG_ANALYZER_NONNULL = YES;
				CLANG_ANALYZER_NUMBER_OBJECT_CONVERSION = YES_AGGRESSIVE;
				CLANG_CXX_LANGUAGE_STANDARD = "gnu++14";
				CLANG_CXX_LIBRARY = "libc++";
				CLANG_ENABLE_MODULES = YES;
				CLANG_ENABLE_OBJC_ARC = YES;
				CLANG_ENABLE_OBJC_WEAK = YES;
				CLANG_WARN_BLOCK_CAPTURE_AUTORELEASING = YES;
				CLANG_WARN_BOOL_CONVERSION = YES;
				CLANG_WARN_COMMA = YES;
				CLANG_WARN_CONSTANT_CONVERSION = YES;
				CLANG_WARN_DEPRECATED_OBJC_IMPLEMENTATIONS = YES;
				CLANG_WARN_DIRECT_OBJC_ISA_USAGE = YES_ERROR;
				CLANG_WARN_DOCUMENTATION_COMMENTS = YES;
				CLANG_WARN_EMPTY_BODY = YES;
				CLANG_WARN_ENUM_CONVERSION = YES;
				CLANG_WARN_INFINITE_RECURSION = YES;
				CLANG_WARN_INT_CONVERSION = YES;
				CLANG_WARN_NON_LITERAL_NULL_CONVERSION = YES;
				CLANG_WARN_OBJC_IMPLICIT_RETAIN_SELF = YES;
				CLANG_WARN_OBJC_LITERAL_CONVERSION = YES;
				CLANG_WARN_OBJC_ROOT_CLASS = YES_ERROR;
				CLANG_WARN_RANGE_LOOP_ANALYSIS = YES;
				CLANG_WARN_STRICT_PROTOTYPES = YES;
				CLANG_WARN_SUSPICIOUS_MOVE = YES;
				CLANG_WARN_UNGUARDED_AVAILABILITY = YES_AGGRESSIVE;
				CLANG_WARN_UNREACHABLE_CODE = YES;
				CLANG_WARN__DUPLICATE_METHOD_MATCH = YES;
				CODE_SIGN_IDENTITY = "iPhone Developer";
				COPY_PHASE_STRIP = NO;
				DEBUG_INFORMATION_FORMAT = dwarf;
				ENABLE_STRICT_OBJC_MSGSEND = YES;
				ENABLE_TESTABILITY = YES;
				GCC_C_LANGUAGE_STANDARD = gnu11;
				GCC_DYNAMIC_NO_PIC = NO;
				GCC_NO_COMMON_BLOCKS = YES;
				GCC_OPTIMIZATION_LEVEL = 0;
				GCC_PREPROCESSOR_DEFINITIONS = (
					"DEBUG=1",
					"$(inherited)",
				);
				GCC_WARN_64_TO_32_BIT_CONVERSION = YES;
				GCC_WARN_ABOUT_RETURN_TYPE = YES_ERROR;
				GCC_WARN_UNDECLARED_SELECTOR = YES;
				GCC_WARN_UNINITIALIZED_AUTOS = YES_AGGRESSIVE;
				GCC_WARN_UNUSED_FUNCTION = YES;
				GCC_WARN_UNUSED_VARIABLE = YES;
				IPHONEOS_DEPLOYMENT_TARGET = 12.2;
				MTL_ENABLE_DEBUG_INFO = INCLUDE_SOURCE;
				MTL_FAST_MATH = YES;
				ONLY_ACTIVE_ARCH = YES;
				SDKROOT = iphoneos;
				SWIFT_ACTIVE_COMPILATION_CONDITIONS = DEBUG;
				SWIFT_OPTIMIZATION_LEVEL = "-Onone";
			};
			name = Debug;
		};
		752413652285AC830042FFBD /* Release */ = {
			isa = XCBuildConfiguration;
			buildSettings = {
				ALWAYS_SEARCH_USER_PATHS = NO;
				CLANG_ANALYZER_NONNULL = YES;
				CLANG_ANALYZER_NUMBER_OBJECT_CONVERSION = YES_AGGRESSIVE;
				CLANG_CXX_LANGUAGE_STANDARD = "gnu++14";
				CLANG_CXX_LIBRARY = "libc++";
				CLANG_ENABLE_MODULES = YES;
				CLANG_ENABLE_OBJC_ARC = YES;
				CLANG_ENABLE_OBJC_WEAK = YES;
				CLANG_WARN_BLOCK_CAPTURE_AUTORELEASING = YES;
				CLANG_WARN_BOOL_CONVERSION = YES;
				CLANG_WARN_COMMA = YES;
				CLANG_WARN_CONSTANT_CONVERSION = YES;
				CLANG_WARN_DEPRECATED_OBJC_IMPLEMENTATIONS = YES;
				CLANG_WARN_DIRECT_OBJC_ISA_USAGE = YES_ERROR;
				CLANG_WARN_DOCUMENTATION_COMMENTS = YES;
				CLANG_WARN_EMPTY_BODY = YES;
				CLANG_WARN_ENUM_CONVERSION = YES;
				CLANG_WARN_INFINITE_RECURSION = YES;
				CLANG_WARN_INT_CONVERSION = YES;
				CLANG_WARN_NON_LITERAL_NULL_CONVERSION = YES;
				CLANG_WARN_OBJC_IMPLICIT_RETAIN_SELF = YES;
				CLANG_WARN_OBJC_LITERAL_CONVERSION = YES;
				CLANG_WARN_OBJC_ROOT_CLASS = YES_ERROR;
				CLANG_WARN_RANGE_LOOP_ANALYSIS = YES;
				CLANG_WARN_STRICT_PROTOTYPES = YES;
				CLANG_WARN_SUSPICIOUS_MOVE = YES;
				CLANG_WARN_UNGUARDED_AVAILABILITY = YES_AGGRESSIVE;
				CLANG_WARN_UNREACHABLE_CODE = YES;
				CLANG_WARN__DUPLICATE_METHOD_MATCH = YES;
				CODE_SIGN_IDENTITY = "iPhone Developer";
				COPY_PHASE_STRIP = NO;
				DEBUG_INFORMATION_FORMAT = "dwarf-with-dsym";
				ENABLE_NS_ASSERTIONS = NO;
				ENABLE_STRICT_OBJC_MSGSEND = YES;
				GCC_C_LANGUAGE_STANDARD = gnu11;
				GCC_NO_COMMON_BLOCKS = YES;
				GCC_WARN_64_TO_32_BIT_CONVERSION = YES;
				GCC_WARN_ABOUT_RETURN_TYPE = YES_ERROR;
				GCC_WARN_UNDECLARED_SELECTOR = YES;
				GCC_WARN_UNINITIALIZED_AUTOS = YES_AGGRESSIVE;
				GCC_WARN_UNUSED_FUNCTION = YES;
				GCC_WARN_UNUSED_VARIABLE = YES;
				IPHONEOS_DEPLOYMENT_TARGET = 12.2;
				MTL_ENABLE_DEBUG_INFO = NO;
				MTL_FAST_MATH = YES;
				SDKROOT = iphoneos;
				SWIFT_COMPILATION_MODE = wholemodule;
				SWIFT_OPTIMIZATION_LEVEL = "-O";
				VALIDATE_PRODUCT = YES;
			};
			name = Release;
		};
		752413672285AC830042FFBD /* Debug */ = {
			isa = XCBuildConfiguration;
			buildSettings = {
				ASSETCATALOG_COMPILER_APPICON_NAME = AppIcon;
				CODE_SIGN_STYLE = Automatic;
				INFOPLIST_FILE = "Scene-CustomSegue/Info.plist";
				LD_RUNPATH_SEARCH_PATHS = (
					"$(inherited)",
					"@executable_path/Frameworks",
				);
				PRODUCT_BUNDLE_IDENTIFIER = "suhyeong.Scene-CustomSegue";
				PRODUCT_NAME = "$(TARGET_NAME)";
				SWIFT_VERSION = 5.0;
				TARGETED_DEVICE_FAMILY = "1,2";
			};
			name = Debug;
		};
		752413682285AC830042FFBD /* Release */ = {
			isa = XCBuildConfiguration;
			buildSettings = {
				ASSETCATALOG_COMPILER_APPICON_NAME = AppIcon;
				CODE_SIGN_STYLE = Automatic;
				INFOPLIST_FILE = "Scene-CustomSegue/Info.plist";
				LD_RUNPATH_SEARCH_PATHS = (
					"$(inherited)",
					"@executable_path/Frameworks",
				);
				PRODUCT_BUNDLE_IDENTIFIER = "suhyeong.Scene-CustomSegue";
				PRODUCT_NAME = "$(TARGET_NAME)";
				SWIFT_VERSION = 5.0;
				TARGETED_DEVICE_FAMILY = "1,2";
			};
			name = Release;
		};
/* End XCBuildConfiguration section */

/* Begin XCConfigurationList section */
		7524134F2285AC820042FFBD /* Build configuration list for PBXProject "Scene-CustomSegue" */ = {
			isa = XCConfigurationList;
			buildConfigurations = (
				752413642285AC830042FFBD /* Debug */,
				752413652285AC830042FFBD /* Release */,
			);
			defaultConfigurationIsVisible = 0;
			defaultConfigurationName = Release;
		};
		752413662285AC830042FFBD /* Build configuration list for PBXNativeTarget "Scene-CustomSegue" */ = {
			isa = XCConfigurationList;
			buildConfigurations = (
				752413672285AC830042FFBD /* Debug */,
				752413682285AC830042FFBD /* Release */,
			);
			defaultConfigurationIsVisible = 0;
			defaultConfigurationName = Release;
		};
/* End XCConfigurationList section */
	};
	rootObject = 7524134C2285AC820042FFBD /* Project object */;
}
